
Microsoft Visual Studio Solution File, Format Version 12.00
# Visual Studio Version 16
VisualStudioVersion = 16.0.30804.86
MinimumVisualStudioVersion = 10.0.40219.1
Project("{FAE04EC0-301F-11D3-BF4B-00C04F79EFBC}") = "ThreadBasis0", "ThreadBasis0\ThreadBasis0.csproj", "{FCFDEFF9-6F3D-4B0E-9104-5B601A695B5B}"
EndProject
Global
	GlobalSection(SolutionConfigurationPlatforms) = preSolution
		Debug|Any CPU = Debug|Any CPU
		Release|Any CPU = Release|Any CPU
	EndGlobalSection
	GlobalSection(ProjectConfigurationPlatforms) = postSolution
		{FCFDEFF9-6F3D-4B0E-9104-5B601A695B5B}.Debug|Any CPU.ActiveCfg = Debug|Any CPU
		{FCFDEFF9-6F3D-4B0E-9104-5B601A695B5B}.Debug|Any CPU.Build.0 = Debug|Any CPU
		{FCFDEFF9-6F3D-4B0E-9104-5B601A695B5B}.Release|Any CPU.ActiveCfg = Release|Any CPU
		{FCFDEFF9-6F3D-4B0E-9104-5B601A695B5B}.Release|Any CPU.Build.0 = Release|Any CPU
	EndGlobalSection
	GlobalSection(SolutionProperties) = preSolution
		HideSolutionNode = FALSE
	EndGlobalSection
	GlobalSection(ExtensibilityGlobals) = postSolution
		SolutionGuid = {1EC9B057-8ECB-40E7-92A0-816F77483D88}
	EndGlobalSection
EndGlobal
